// !$*UTF8*$!
{
	archiveVersion = 1;
	classes = {
	};
	objectVersion = 77;
	objects = {

/* Begin PBXBuildFile section */
		443ACB7AABAC5CA9131455B2 /* DevicesHubView.swift in Sources */ = {isa = PBXBuildFile; fileRef = C4B98B51C11100036650E0B6 /* DevicesHubView.swift */; };
		4E1EDB7AE47C55E6D1C75139 /* Views.swift in Sources */ = {isa = PBXBuildFile; fileRef = 534E20EB1F414131FA182689 /* Views.swift */; };
		6F639C14C2587F14F6C00ACB /* ScaleCentral.swift in Sources */ = {isa = PBXBuildFile; fileRef = 5D132951954B9A5EF6E1A34F /* ScaleCentral.swift */; };
		790E4E62C2FB5D55A685006D /* DeviceCore.swift in Sources */ = {isa = PBXBuildFile; fileRef = 3A5C0EBC188AA2F0D4F5C060 /* DeviceCore.swift */; };
		BC32648CFF96CFEF241C61A6 /* MainTabView.swift in Sources */ = {isa = PBXBuildFile; fileRef = 117FF74862989401267F745C /* MainTabView.swift */; };
		C20281070601DD59F019E23E /* ModelTests.swift in Sources */ = {isa = PBXBuildFile; fileRef = FC7DBF84C0786ACB71F4C006 /* ModelTests.swift */; };
		C631C843AEE5D9E5A975D3C7 /* Export.swift in Sources */ = {isa = PBXBuildFile; fileRef = 2379D870C8E38C5172701218 /* Export.swift */; };
		D38B2F0A961120496B00F5C3 /* FireflyApp.swift in Sources */ = {isa = PBXBuildFile; fileRef = A2E4472A72B353B4A40C13C7 /* FireflyApp.swift */; };
		D7A6BDAFEAE4556C2D49508D /* ScaleKit in Frameworks */ = {isa = PBXBuildFile; productRef = EC89F9D657732966CC45CFFC /* ScaleKit */; };
		ED6FA7CC071E42381DB5666E /* Models.swift in Sources */ = {isa = PBXBuildFile; fileRef = 421ED1B6115DF5BB0ACB0B76 /* Models.swift */; };
/* End PBXBuildFile section */

/* Begin PBXContainerItemProxy section */
		528CA7F52F3136B4FC28AAC3 /* PBXContainerItemProxy */ = {
			isa = PBXContainerItemProxy;
			containerPortal = 4026AF10827D497B0169E9AB /* Project object */;
			proxyType = 1;
			remoteGlobalIDString = C71E9AFEE04A0936A7C43A16;
			remoteInfo = Firefly;
		};
/* End PBXContainerItemProxy section */

/* Begin PBXFileReference section */
		117FF74862989401267F745C /* MainTabView.swift */ = {isa = PBXFileReference; lastKnownFileType = sourcecode.swift; path = MainTabView.swift; sourceTree = "<group>"; };
		2379D870C8E38C5172701218 /* Export.swift */ = {isa = PBXFileReference; lastKnownFileType = sourcecode.swift; path = Export.swift; sourceTree = "<group>"; };
		3A5C0EBC188AA2F0D4F5C060 /* DeviceCore.swift */ = {isa = PBXFileReference; lastKnownFileType = sourcecode.swift; path = DeviceCore.swift; sourceTree = "<group>"; };
		421ED1B6115DF5BB0ACB0B76 /* Models.swift */ = {isa = PBXFileReference; lastKnownFileType = sourcecode.swift; path = Models.swift; sourceTree = "<group>"; };
		435A5063EA338428546900F4 /* FireflyTests.xctest */ = {isa = PBXFileReference; includeInIndex = 0; lastKnownFileType = wrapper.cfbundle; path = FireflyTests.xctest; sourceTree = BUILT_PRODUCTS_DIR; };
		4FFC49DD7D4241049F1296E1 /* Info.plist */ = {isa = PBXFileReference; lastKnownFileType = text.plist; path = Info.plist; sourceTree = "<group>"; };
		534E20EB1F414131FA182689 /* Views.swift */ = {isa = PBXFileReference; lastKnownFileType = sourcecode.swift; path = Views.swift; sourceTree = "<group>"; };
		5D132951954B9A5EF6E1A34F /* ScaleCentral.swift */ = {isa = PBXFileReference; lastKnownFileType = sourcecode.swift; path = ScaleCentral.swift; sourceTree = "<group>"; };
		668B4901B03CB440509CA401 /* Firefly.app */ = {isa = PBXFileReference; explicitFileType = wrapper.application; includeInIndex = 0; path = Firefly.app; sourceTree = BUILT_PRODUCTS_DIR; };
		77807AEBFDB0B495E9CE0444 /* scalekit */ = {isa = PBXFileReference; lastKnownFileType = folder; name = scalekit; path = ../scalekit; sourceTree = SOURCE_ROOT; };
		9FE6BDB7E4DA869C95689DD8 /* Firefly.entitlements */ = {isa = PBXFileReference; lastKnownFileType = text.plist.entitlements; path = Firefly.entitlements; sourceTree = "<group>"; };
		A2E4472A72B353B4A40C13C7 /* FireflyApp.swift */ = {isa = PBXFileReference; lastKnownFileType = sourcecode.swift; path = FireflyApp.swift; sourceTree = "<group>"; };
		C4B98B51C11100036650E0B6 /* DevicesHubView.swift */ = {isa = PBXFileReference; lastKnownFileType = sourcecode.swift; path = DevicesHubView.swift; sourceTree = "<group>"; };
		FC7DBF84C0786ACB71F4C006 /* ModelTests.swift */ = {isa = PBXFileReference; lastKnownFileType = sourcecode.swift; path = ModelTests.swift; sourceTree = "<group>"; };
/* End PBXFileReference section */

/* Begin PBXFrameworksBuildPhase section */
		CA3A2D75976D151ED86A005C /* Frameworks */ = {
			isa = PBXFrameworksBuildPhase;
			buildActionMask = 2147483647;
			files = (
				D7A6BDAFEAE4556C2D49508D /* ScaleKit in Frameworks */,
			);
			runOnlyForDeploymentPostprocessing = 0;
		};
/* End PBXFrameworksBuildPhase section */

/* Begin PBXGroup section */
		09E7A41B35847DF880B89F6C = {
			isa = PBXGroup;
			children = (
				95A1A3DC3288FC10DBD418FD /* Firefly */,
				5720E447DF8F91F366647676 /* FireflyTests */,
				2F20B465437E7EE376895CE7 /* Packages */,
				1B43B2AE74C8064189181E87 /* Products */,
			);
			sourceTree = "<group>";
		};
		1B43B2AE74C8064189181E87 /* Products */ = {
			isa = PBXGroup;
			children = (
				668B4901B03CB440509CA401 /* Firefly.app */,
				435A5063EA338428546900F4 /* FireflyTests.xctest */,
			);
			name = Products;
			sourceTree = "<group>";
		};
		2F20B465437E7EE376895CE7 /* Packages */ = {
			isa = PBXGroup;
			children = (
				77807AEBFDB0B495E9CE0444 /* scalekit */,
			);
			name = Packages;
			sourceTree = "<group>";
		};
		5720E447DF8F91F366647676 /* FireflyTests */ = {
			isa = PBXGroup;
			children = (
				FC7DBF84C0786ACB71F4C006 /* ModelTests.swift */,
			);
			path = FireflyTests;
			sourceTree = "<group>";
		};
		95A1A3DC3288FC10DBD418FD /* Firefly */ = {
			isa = PBXGroup;
			children = (
				3A5C0EBC188AA2F0D4F5C060 /* DeviceCore.swift */,
				C4B98B51C11100036650E0B6 /* DevicesHubView.swift */,
				2379D870C8E38C5172701218 /* Export.swift */,
				9FE6BDB7E4DA869C95689DD8 /* Firefly.entitlements */,
				A2E4472A72B353B4A40C13C7 /* FireflyApp.swift */,
				4FFC49DD7D4241049F1296E1 /* Info.plist */,
				117FF74862989401267F745C /* MainTabView.swift */,
				421ED1B6115DF5BB0ACB0B76 /* Models.swift */,
				5D132951954B9A5EF6E1A34F /* ScaleCentral.swift */,
				534E20EB1F414131FA182689 /* Views.swift */,
			);
			path = Firefly;
			sourceTree = "<group>";
		};
/* End PBXGroup section */

/* Begin PBXNativeTarget section */
		C1C4A8784E8870CCA1486201 /* FireflyTests */ = {
			isa = PBXNativeTarget;
			buildConfigurationList = 94BE3F93424293A51C2836DE /* Build configuration list for PBXNativeTarget "FireflyTests" */;
			buildPhases = (
				3B2BD2326873ABBACD911C38 /* Sources */,
			);
			buildRules = (
			);
			dependencies = (
				80D94A5D9A95AC4B95BA29DC /* PBXTargetDependency */,
			);
			name = FireflyTests;
			packageProductDependencies = (
			);
			productName = FireflyTests;
			productReference = 435A5063EA338428546900F4 /* FireflyTests.xctest */;
			productType = "com.apple.product-type.bundle.unit-test";
		};
		C71E9AFEE04A0936A7C43A16 /* Firefly */ = {
			isa = PBXNativeTarget;
			buildConfigurationList = 773591CF2C9657F0283AC4F0 /* Build configuration list for PBXNativeTarget "Firefly" */;
			buildPhases = (
				BBBA8791B6AEDDD2FBC4F69A /* Sources */,
				CA3A2D75976D151ED86A005C /* Frameworks */,
			);
			buildRules = (
			);
			dependencies = (
			);
			name = Firefly;
			packageProductDependencies = (
				EC89F9D657732966CC45CFFC /* ScaleKit */,
			);
			productName = Firefly;
			productReference = 668B4901B03CB440509CA401 /* Firefly.app */;
			productType = "com.apple.product-type.application";
		};
/* End PBXNativeTarget section */

/* Begin PBXProject section */
		4026AF10827D497B0169E9AB /* Project object */ = {
			isa = PBXProject;
			attributes = {
				BuildIndependentTargetsInParallel = YES;
				LastUpgradeCheck = 1430;
			};
			buildConfigurationList = 04A33972A78898AF92EDB211 /* Build configuration list for PBXProject "Firefly" */;
			developmentRegion = en;
			hasScannedForEncodings = 0;
			knownRegions = (
				Base,
				en,
			);
			mainGroup = 09E7A41B35847DF880B89F6C;
			minimizedProjectReferenceProxies = 1;
			packageReferences = (
				D9DB6BF8190EF6910A8DE443 /* XCLocalSwiftPackageReference "../scalekit" */,
			);
			preferredProjectObjectVersion = 77;
			productRefGroup = 1B43B2AE74C8064189181E87 /* Products */;
			projectDirPath = "";
			projectRoot = "";
			targets = (
				C71E9AFEE04A0936A7C43A16 /* Firefly */,
				C1C4A8784E8870CCA1486201 /* FireflyTests */,
			);
		};
/* End PBXProject section */

/* Begin PBXSourcesBuildPhase section */
		3B2BD2326873ABBACD911C38 /* Sources */ = {
			isa = PBXSourcesBuildPhase;
			buildActionMask = 2147483647;
			files = (
				C20281070601DD59F019E23E /* ModelTests.swift in Sources */,
			);
			runOnlyForDeploymentPostprocessing = 0;
		};
		BBBA8791B6AEDDD2FBC4F69A /* Sources */ = {
			isa = PBXSourcesBuildPhase;
			buildActionMask = 2147483647;
			files = (
				790E4E62C2FB5D55A685006D /* DeviceCore.swift in Sources */,
				443ACB7AABAC5CA9131455B2 /* DevicesHubView.swift in Sources */,
				C631C843AEE5D9E5A975D3C7 /* Export.swift in Sources */,
				D38B2F0A961120496B00F5C3 /* FireflyApp.swift in Sources */,
				BC32648CFF96CFEF241C61A6 /* MainTabView.swift in Sources */,
				ED6FA7CC071E42381DB5666E /* Models.swift in Sources */,
				6F639C14C2587F14F6C00ACB /* ScaleCentral.swift in Sources */,
				4E1EDB7AE47C55E6D1C75139 /* Views.swift in Sources */,
			);
			runOnlyForDeploymentPostprocessing = 0;
		};
/* End PBXSourcesBuildPhase section */

/* Begin PBXTargetDependency section */
		80D94A5D9A95AC4B95BA29DC /* PBXTargetDependency */ = {
			isa = PBXTargetDependency;
			target = C71E9AFEE04A0936A7C43A16 /* Firefly */;
			targetProxy = 528CA7F52F3136B4FC28AAC3 /* PBXContainerItemProxy */;
		};
/* End PBXTargetDependency section */

/* Begin XCBuildConfiguration section */
		063F743E88C06D9BFBCE05B7 /* Debug */ = {
			isa = XCBuildConfiguration;
			buildSettings = {
				ALWAYS_SEARCH_USER_PATHS = NO;
				CLANG_ANALYZER_NONNULL = YES;
				CLANG_ANALYZER_NUMBER_OBJECT_CONVERSION = YES_AGGRESSIVE;
				CLANG_CXX_LANGUAGE_STANDARD = "gnu++14";
				CLANG_CXX_LIBRARY = "libc++";
				CLANG_ENABLE_MODULES = YES;
				CLANG_ENABLE_OBJC_ARC = YES;
				CLANG_ENABLE_OBJC_WEAK = YES;
				CLANG_WARN_BLOCK_CAPTURE_AUTORELEASING = YES;
				CLANG_WARN_BOOL_CONVERSION = YES;
				CLANG_WARN_COMMA = YES;
				CLANG_WARN_CONSTANT_CONVERSION = YES;
				CLANG_WARN_DEPRECATED_OBJC_IMPLEMENTATIONS = YES;
				CLANG_WARN_DIRECT_OBJC_ISA_USAGE = YES_ERROR;
				CLANG_WARN_DOCUMENTATION_COMMENTS = YES;
				CLANG_WARN_EMPTY_BODY = YES;
				CLANG_WARN_ENUM_CONVERSION = YES;
				CLANG_WARN_INFINITE_RECURSION = YES;
				CLANG_WARN_INT_CONVERSION = YES;
				CLANG_WARN_NON_LITERAL_NULL_CONVERSION = YES;
				CLANG_WARN_OBJC_IMPLICIT_RETAIN_SELF = YES;
				CLANG_WARN_OBJC_LITERAL_CONVERSION = YES;
				CLANG_WARN_OBJC_ROOT_CLASS = YES_ERROR;
				CLANG_WARN_QUOTED_INCLUDE_IN_FRAMEWORK_HEADER = YES;
				CLANG_WARN_RANGE_LOOP_ANALYSIS = YES;
				CLANG_WARN_STRICT_PROTOTYPES = YES;
				CLANG_WARN_SUSPICIOUS_MOVE = YES;
				CLANG_WARN_UNGUARDED_AVAILABILITY = YES_AGGRESSIVE;
				CLANG_WARN_UNREACHABLE_CODE = YES;
				CLANG_WARN__DUPLICATE_METHOD_MATCH = YES;
				COPY_PHASE_STRIP = NO;
				CURRENT_PROJECT_VERSION = 1;
				DEBUG_INFORMATION_FORMAT = dwarf;
				ENABLE_STRICT_OBJC_MSGSEND = YES;
				ENABLE_TESTABILITY = YES;
				GCC_C_LANGUAGE_STANDARD = gnu11;
				GCC_DYNAMIC_NO_PIC = NO;
				GCC_NO_COMMON_BLOCKS = YES;
				GCC_OPTIMIZATION_LEVEL = 0;
				GCC_PREPROCESSOR_DEFINITIONS = (
					"$(inherited)",
					"DEBUG=1",
				);
				GCC_WARN_64_TO_32_BIT_CONVERSION = YES;
				GCC_WARN_ABOUT_RETURN_TYPE = YES_ERROR;
				GCC_WARN_UNDECLARED_SELECTOR = YES;
				GCC_WARN_UNINITIALIZED_AUTOS = YES_AGGRESSIVE;
				GCC_WARN_UNUSED_FUNCTION = YES;
				GCC_WARN_UNUSED_VARIABLE = YES;
				IPHONEOS_DEPLOYMENT_TARGET = 17.0;
				MARKETING_VERSION = 0.1.0;
				MTL_ENABLE_DEBUG_INFO = INCLUDE_SOURCE;
				MTL_FAST_MATH = YES;
				ONLY_ACTIVE_ARCH = YES;
				PRODUCT_NAME = "$(TARGET_NAME)";
				SDKROOT = iphoneos;
				SWIFT_ACTIVE_COMPILATION_CONDITIONS = DEBUG;
				SWIFT_OPTIMIZATION_LEVEL = "-Onone";
				SWIFT_VERSION = 5.10;
			};
			name = Debug;
		};
		89283F73F0985041BEA1A5D7 /* Debug */ = {
			isa = XCBuildConfiguration;
			buildSettings = {
				BUNDLE_LOADER = "$(TEST_HOST)";
				GENERATE_INFOPLIST_FILE = YES;
				LD_RUNPATH_SEARCH_PATHS = (
					"$(inherited)",
					"@executable_path/Frameworks",
					"@loader_path/Frameworks",
				);
				PRODUCT_BUNDLE_IDENTIFIER = app.firefly.FireflyTests;
				SDKROOT = iphoneos;
				TARGETED_DEVICE_FAMILY = "1,2";
				TEST_HOST = "$(BUILT_PRODUCTS_DIR)/Firefly.app/Firefly";
			};
			name = Debug;
		};
		AA189CFD48F0B439F0EDD299 /* Release */ = {
			isa = XCBuildConfiguration;
			buildSettings = {
				ASSETCATALOG_COMPILER_APPICON_NAME = AppIcon;
				CODE_SIGN_ENTITLEMENTS = Firefly/Firefly.entitlements;
				CODE_SIGN_IDENTITY = "iPhone Developer";
				DEVELOPMENT_TEAM = 978WZV3883;
				INFOPLIST_FILE = Firefly/Info.plist;
				LD_RUNPATH_SEARCH_PATHS = (
					"$(inherited)",
					"@executable_path/Frameworks",
				);
				PRODUCT_BUNDLE_IDENTIFIER = app.firefly.Firefly;
				SDKROOT = iphoneos;
				TARGETED_DEVICE_FAMILY = "1,2";
			};
			name = Release;
		};
		BD2F0EA8CA7A0968A0B3FC48 /* Release */ = {
			isa = XCBuildConfiguration;
			buildSettings = {
				ALWAYS_SEARCH_USER_PATHS = NO;
				CLANG_ANALYZER_NONNULL = YES;
				CLANG_ANALYZER_NUMBER_OBJECT_CONVERSION = YES_AGGRESSIVE;
				CLANG_CXX_LANGUAGE_STANDARD = "gnu++14";
				CLANG_CXX_LIBRARY = "libc++";
				CLANG_ENABLE_MODULES = YES;
				CLANG_ENABLE_OBJC_ARC = YES;
				CLANG_ENABLE_OBJC_WEAK = YES;
				CLANG_WARN_BLOCK_CAPTURE_AUTORELEASING = YES;
				CLANG_WARN_BOOL_CONVERSION = YES;
				CLANG_WARN_COMMA = YES;
				CLANG_WARN_CONSTANT_CONVERSION = YES;
				CLANG_WARN_DEPRECATED_OBJC_IMPLEMENTATIONS = YES;
				CLANG_WARN_DIRECT_OBJC_ISA_USAGE = YES_ERROR;
				CLANG_WARN_DOCUMENTATION_COMMENTS = YES;
				CLANG_WARN_EMPTY_BODY = YES;
				CLANG_WARN_ENUM_CONVERSION = YES;
				CLANG_WARN_INFINITE_RECURSION = YES;
				CLANG_WARN_INT_CONVERSION = YES;
				CLANG_WARN_NON_LITERAL_NULL_CONVERSION = YES;
				CLANG_WARN_OBJC_IMPLICIT_RETAIN_SELF = YES;
				CLANG_WARN_OBJC_LITERAL_CONVERSION = YES;
				CLANG_WARN_OBJC_ROOT_CLASS = YES_ERROR;
				CLANG_WARN_QUOTED_INCLUDE_IN_FRAMEWORK_HEADER = YES;
				CLANG_WARN_RANGE_LOOP_ANALYSIS = YES;
				CLANG_WARN_STRICT_PROTOTYPES = YES;
				CLANG_WARN_SUSPICIOUS_MOVE = YES;
				CLANG_WARN_UNGUARDED_AVAILABILITY = YES_AGGRESSIVE;
				CLANG_WARN_UNREACHABLE_CODE = YES;
				CLANG_WARN__DUPLICATE_METHOD_MATCH = YES;
				COPY_PHASE_STRIP = NO;
				CURRENT_PROJECT_VERSION = 1;
				DEBUG_INFORMATION_FORMAT = "dwarf-with-dsym";
				ENABLE_NS_ASSERTIONS = NO;
				ENABLE_STRICT_OBJC_MSGSEND = YES;
				GCC_C_LANGUAGE_STANDARD = gnu11;
				GCC_NO_COMMON_BLOCKS = YES;
				GCC_WARN_64_TO_32_BIT_CONVERSION = YES;
				GCC_WARN_ABOUT_RETURN_TYPE = YES_ERROR;
				GCC_WARN_UNDECLARED_SELECTOR = YES;
				GCC_WARN_UNINITIALIZED_AUTOS = YES_AGGRESSIVE;
				GCC_WARN_UNUSED_FUNCTION = YES;
				GCC_WARN_UNUSED_VARIABLE = YES;
				IPHONEOS_DEPLOYMENT_TARGET = 17.0;
				MARKETING_VERSION = 0.1.0;
				MTL_ENABLE_DEBUG_INFO = NO;
				MTL_FAST_MATH = YES;
				PRODUCT_NAME = "$(TARGET_NAME)";
				SDKROOT = iphoneos;
				SWIFT_COMPILATION_MODE = wholemodule;
				SWIFT_OPTIMIZATION_LEVEL = "-O";
				SWIFT_VERSION = 5.10;
			};
			name = Release;
		};
		C286274D1648172D96EC9BD1 /* Release */ = {
			isa = XCBuildConfiguration;
			buildSettings = {
				BUNDLE_LOADER = "$(TEST_HOST)";
				GENERATE_INFOPLIST_FILE = YES;
				LD_RUNPATH_SEARCH_PATHS = (
					"$(inherited)",
					"@executable_path/Frameworks",
					"@loader_path/Frameworks",
				);
				PRODUCT_BUNDLE_IDENTIFIER = app.firefly.FireflyTests;
				SDKROOT = iphoneos;
				TARGETED_DEVICE_FAMILY = "1,2";
				TEST_HOST = "$(BUILT_PRODUCTS_DIR)/Firefly.app/Firefly";
			};
			name = Release;
		};
		E3CA17979C194D5C3479DC4E /* Debug */ = {
			isa = XCBuildConfiguration;
			buildSettings = {
				ASSETCATALOG_COMPILER_APPICON_NAME = AppIcon;
				CODE_SIGN_ENTITLEMENTS = Firefly/Firefly.entitlements;
				CODE_SIGN_IDENTITY = "iPhone Developer";
				DEVELOPMENT_TEAM = 978WZV3883;
				INFOPLIST_FILE = Firefly/Info.plist;
				LD_RUNPATH_SEARCH_PATHS = (
					"$(inherited)",
					"@executable_path/Frameworks",
				);
				PRODUCT_BUNDLE_IDENTIFIER = app.firefly.Firefly;
				SDKROOT = iphoneos;
				TARGETED_DEVICE_FAMILY = "1,2";
			};
			name = Debug;
		};
/* End XCBuildConfiguration section */

/* Begin XCConfigurationList section */
		04A33972A78898AF92EDB211 /* Build configuration list for PBXProject "Firefly" */ = {
			isa = XCConfigurationList;
			buildConfigurations = (
				063F743E88C06D9BFBCE05B7 /* Debug */,
				BD2F0EA8CA7A0968A0B3FC48 /* Release */,
			);
			defaultConfigurationIsVisible = 0;
			defaultConfigurationName = Debug;
		};
		773591CF2C9657F0283AC4F0 /* Build configuration list for PBXNativeTarget "Firefly" */ = {
			isa = XCConfigurationList;
			buildConfigurations = (
				E3CA17979C194D5C3479DC4E /* Debug */,
				AA189CFD48F0B439F0EDD299 /* Release */,
			);
			defaultConfigurationIsVisible = 0;
			defaultConfigurationName = Debug;
		};
		94BE3F93424293A51C2836DE /* Build configuration list for PBXNativeTarget "FireflyTests" */ = {
			isa = XCConfigurationList;
			buildConfigurations = (
				89283F73F0985041BEA1A5D7 /* Debug */,
				C286274D1648172D96EC9BD1 /* Release */,
			);
			defaultConfigurationIsVisible = 0;
			defaultConfigurationName = Debug;
		};
/* End XCConfigurationList section */

/* Begin XCLocalSwiftPackageReference section */
		D9DB6BF8190EF6910A8DE443 /* XCLocalSwiftPackageReference "../scalekit" */ = {
			isa = XCLocalSwiftPackageReference;
			relativePath = ../scalekit;
		};
/* End XCLocalSwiftPackageReference section */

/* Begin XCSwiftPackageProductDependency section */
		EC89F9D657732966CC45CFFC /* ScaleKit */ = {
			isa = XCSwiftPackageProductDependency;
			productName = ScaleKit;
		};
/* End XCSwiftPackageProductDependency section */
	};
	rootObject = 4026AF10827D497B0169E9AB /* Project object */;
}
